
Microsoft Visual Studio Solution File, Format Version 12.00
# Visual Studio Version 16
VisualStudioVersion = 16.0.30611.23
MinimumVisualStudioVersion = 10.0.40219.1
Project("{FAE04EC0-301F-11D3-BF4B-00C04F79EFBC}") = "MeetApi", "MeetApi\MeetApi.csproj", "{5F0C5727-A645-44DD-8541-5149DC7F3BAE}"
EndProject
Global
	GlobalSection(SolutionConfigurationPlatforms) = preSolution
		Debug|Any CPU = Debug|Any CPU
		Release|Any CPU = Release|Any CPU
	EndGlobalSection
	GlobalSection(ProjectConfigurationPlatforms) = postSolution
		{5F0C5727-A645-44DD-8541-5149DC7F3BAE}.Debug|Any CPU.ActiveCfg = Debug|Any CPU
		{5F0C5727-A645-44DD-8541-5149DC7F3BAE}.Debug|Any CPU.Build.0 = Debug|Any CPU
		{5F0C5727-A645-44DD-8541-5149DC7F3BAE}.Release|Any CPU.ActiveCfg = Release|Any CPU
		{5F0C5727-A645-44DD-8541-5149DC7F3BAE}.Release|Any CPU.Build.0 = Release|Any CPU
	EndGlobalSection
	GlobalSection(SolutionProperties) = preSolution
		HideSolutionNode = FALSE
	EndGlobalSection
	GlobalSection(ExtensibilityGlobals) = postSolution
		SolutionGuid = {672CED2D-3F58-429E-B72F-97AEDE5EDDE4}
	EndGlobalSection
EndGlobal
